
Microsoft Visual Studio Solution File, Format Version 12.00
# Visual Studio Version 17
VisualStudioVersion = 17.10.35122.118
MinimumVisualStudioVersion = 10.0.40219.1
Project("{9A19103F-16F7-4668-BE54-9A1E7A4F7556}") = "LangSuite", "LangSuite\LangSuite.csproj", "{FBAA0DAA-4541-44DF-B8ED-29C010962774}"
EndProject
Project("{9A19103F-16F7-4668-BE54-9A1E7A4F7556}") = "Compiler", "Compiler\Compiler.csproj", "{4222DB77-799F-43B4-9306-D2F6C173D040}"
EndProject
Project("{9A19103F-16F7-4668-BE54-9A1E7A4F7556}") = "Interpreter", "Interpreter\Interpreter.csproj", "{48D361F8-EAF8-4112-A199-930F63270111}"
EndProject
Project("{9A19103F-16F7-4668-BE54-9A1E7A4F7556}") = "AST", "AST\AST.csproj", "{E8E1C2CD-AA6A-4F84-A719-D431C64F335B}"
EndProject
Project("{9A19103F-16F7-4668-BE54-9A1E7A4F7556}") = "ShankFrontend", "ShankFrontend\ShankFrontend.csproj", "{EA7A9E95-CD48-4FE8-9AD1-189571968056}"
EndProject
Project("{9A19103F-16F7-4668-BE54-9A1E7A4F7556}") = "TranFrontend", "TranFrontend\TranFrontend.csproj", "{8A383334-FA2E-4215-83D3-EEE2D09E3468}"
EndProject
Project("{9A19103F-16F7-4668-BE54-9A1E7A4F7556}") = "Tests", "Tests\Tests.csproj", "{32FB8FB4-2AA5-4BAC-AFAA-4B211C93D12C}"
EndProject
Project("{9A19103F-16F7-4668-BE54-9A1E7A4F7556}") = "StandardLibrary", "StandardLibrary\StandardLibrary.csproj", "{B8FEFDE5-18E9-449E-A1A6-FAAB0C04094F}"
EndProject
Project("{9A19103F-16F7-4668-BE54-9A1E7A4F7556}") = "SemanticAnalysis", "SemanticAnalysis\SemanticAnalysis.csproj", "{312C68BF-F5C6-4019-A3A0-E5310D124918}"
EndProject
Project("{9A19103F-16F7-4668-BE54-9A1E7A4F7556}") = "Errors", "Errors\Errors.csproj", "{4DE6D92E-32DC-4BB5-BE6A-1BA82CA7E47E}"
EndProject
Project("{9A19103F-16F7-4668-BE54-9A1E7A4F7556}") = "Utils", "Utils\Utils.csproj", "{D7277B77-46FE-4079-9FBE-C54769D46FFF}"
EndProject
Project("{9A19103F-16F7-4668-BE54-9A1E7A4F7556}") = "Types", "Types\Types.csproj", "{04EEA8DC-5929-4472-BFF2-D5E35088B06A}"
EndProject
Project("{9A19103F-16F7-4668-BE54-9A1E7A4F7556}") = "TestsInShank", "TestsInShank\TestsInShank.csproj", "{4193C0BD-A3C9-4A6E-A951-32512E827BC8}"
EndProject
Project("{9A19103F-16F7-4668-BE54-9A1E7A4F7556}") = "TestsOld", "TestsOld\TestsOld.csproj", "{8110E51E-56F1-43B3-84E7-4D088059E56E}"
EndProject
Project("{FAE04EC0-301F-11D3-BF4B-00C04F79EFBC}") = "Shared", "Shared\Shared.csproj", "{4B8D820D-3703-435F-93D0-0D2C34DC66BC}"
EndProject
Global
	GlobalSection(SolutionConfigurationPlatforms) = preSolution
		Debug|Any CPU = Debug|Any CPU
		Release|Any CPU = Release|Any CPU
	EndGlobalSection
	GlobalSection(ProjectConfigurationPlatforms) = postSolution
		{FBAA0DAA-4541-44DF-B8ED-29C010962774}.Debug|Any CPU.ActiveCfg = Debug|Any CPU
		{FBAA0DAA-4541-44DF-B8ED-29C010962774}.Debug|Any CPU.Build.0 = Debug|Any CPU
		{FBAA0DAA-4541-44DF-B8ED-29C010962774}.Release|Any CPU.ActiveCfg = Release|Any CPU
		{FBAA0DAA-4541-44DF-B8ED-29C010962774}.Release|Any CPU.Build.0 = Release|Any CPU
		{4222DB77-799F-43B4-9306-D2F6C173D040}.Debug|Any CPU.ActiveCfg = Debug|Any CPU
		{4222DB77-799F-43B4-9306-D2F6C173D040}.Debug|Any CPU.Build.0 = Debug|Any CPU
		{4222DB77-799F-43B4-9306-D2F6C173D040}.Release|Any CPU.ActiveCfg = Release|Any CPU
		{4222DB77-799F-43B4-9306-D2F6C173D040}.Release|Any CPU.Build.0 = Release|Any CPU
		{48D361F8-EAF8-4112-A199-930F63270111}.Debug|Any CPU.ActiveCfg = Debug|Any CPU
		{48D361F8-EAF8-4112-A199-930F63270111}.Debug|Any CPU.Build.0 = Debug|Any CPU
		{48D361F8-EAF8-4112-A199-930F63270111}.Release|Any CPU.ActiveCfg = Release|Any CPU
		{48D361F8-EAF8-4112-A199-930F63270111}.Release|Any CPU.Build.0 = Release|Any CPU
		{E8E1C2CD-AA6A-4F84-A719-D431C64F335B}.Debug|Any CPU.ActiveCfg = Debug|Any CPU
		{E8E1C2CD-AA6A-4F84-A719-D431C64F335B}.Debug|Any CPU.Build.0 = Debug|Any CPU
		{E8E1C2CD-AA6A-4F84-A719-D431C64F335B}.Release|Any CPU.ActiveCfg = Release|Any CPU
		{E8E1C2CD-AA6A-4F84-A719-D431C64F335B}.Release|Any CPU.Build.0 = Release|Any CPU
		{EA7A9E95-CD48-4FE8-9AD1-189571968056}.Debug|Any CPU.ActiveCfg = Debug|Any CPU
		{EA7A9E95-CD48-4FE8-9AD1-189571968056}.Debug|Any CPU.Build.0 = Debug|Any CPU
		{EA7A9E95-CD48-4FE8-9AD1-189571968056}.Release|Any CPU.ActiveCfg = Release|Any CPU
		{EA7A9E95-CD48-4FE8-9AD1-189571968056}.Release|Any CPU.Build.0 = Release|Any CPU
		{8A383334-FA2E-4215-83D3-EEE2D09E3468}.Debug|Any CPU.ActiveCfg = Debug|Any CPU
		{8A383334-FA2E-4215-83D3-EEE2D09E3468}.Debug|Any CPU.Build.0 = Debug|Any CPU
		{8A383334-FA2E-4215-83D3-EEE2D09E3468}.Release|Any CPU.ActiveCfg = Release|Any CPU
		{8A383334-FA2E-4215-83D3-EEE2D09E3468}.Release|Any CPU.Build.0 = Release|Any CPU
		{32FB8FB4-2AA5-4BAC-AFAA-4B211C93D12C}.Debug|Any CPU.ActiveCfg = Debug|Any CPU
		{32FB8FB4-2AA5-4BAC-AFAA-4B211C93D12C}.Debug|Any CPU.Build.0 = Debug|Any CPU
		{32FB8FB4-2AA5-4BAC-AFAA-4B211C93D12C}.Release|Any CPU.ActiveCfg = Release|Any CPU
		{32FB8FB4-2AA5-4BAC-AFAA-4B211C93D12C}.Release|Any CPU.Build.0 = Release|Any CPU
		{B8FEFDE5-18E9-449E-A1A6-FAAB0C04094F}.Debug|Any CPU.ActiveCfg = Debug|Any CPU
		{B8FEFDE5-18E9-449E-A1A6-FAAB0C04094F}.Debug|Any CPU.Build.0 = Debug|Any CPU
		{B8FEFDE5-18E9-449E-A1A6-FAAB0C04094F}.Release|Any CPU.ActiveCfg = Release|Any CPU
		{B8FEFDE5-18E9-449E-A1A6-FAAB0C04094F}.Release|Any CPU.Build.0 = Release|Any CPU
		{312C68BF-F5C6-4019-A3A0-E5310D124918}.Debug|Any CPU.ActiveCfg = Debug|Any CPU
		{312C68BF-F5C6-4019-A3A0-E5310D124918}.Debug|Any CPU.Build.0 = Debug|Any CPU
		{312C68BF-F5C6-4019-A3A0-E5310D124918}.Release|Any CPU.ActiveCfg = Release|Any CPU
		{312C68BF-F5C6-4019-A3A0-E5310D124918}.Release|Any CPU.Build.0 = Release|Any CPU
		{4DE6D92E-32DC-4BB5-BE6A-1BA82CA7E47E}.Debug|Any CPU.ActiveCfg = Debug|Any CPU
		{4DE6D92E-32DC-4BB5-BE6A-1BA82CA7E47E}.Debug|Any CPU.Build.0 = Debug|Any CPU
		{4DE6D92E-32DC-4BB5-BE6A-1BA82CA7E47E}.Release|Any CPU.ActiveCfg = Release|Any CPU
		{4DE6D92E-32DC-4BB5-BE6A-1BA82CA7E47E}.Release|Any CPU.Build.0 = Release|Any CPU
		{D7277B77-46FE-4079-9FBE-C54769D46FFF}.Debug|Any CPU.ActiveCfg = Debug|Any CPU
		{D7277B77-46FE-4079-9FBE-C54769D46FFF}.Debug|Any CPU.Build.0 = Debug|Any CPU
		{D7277B77-46FE-4079-9FBE-C54769D46FFF}.Release|Any CPU.ActiveCfg = Release|Any CPU
		{D7277B77-46FE-4079-9FBE-C54769D46FFF}.Release|Any CPU.Build.0 = Release|Any CPU
		{04EEA8DC-5929-4472-BFF2-D5E35088B06A}.Debug|Any CPU.ActiveCfg = Debug|Any CPU
		{04EEA8DC-5929-4472-BFF2-D5E35088B06A}.Debug|Any CPU.Build.0 = Debug|Any CPU
		{04EEA8DC-5929-4472-BFF2-D5E35088B06A}.Release|Any CPU.ActiveCfg = Release|Any CPU
		{04EEA8DC-5929-4472-BFF2-D5E35088B06A}.Release|Any CPU.Build.0 = Release|Any CPU
		{4193C0BD-A3C9-4A6E-A951-32512E827BC8}.Debug|Any CPU.ActiveCfg = Debug|Any CPU
		{4193C0BD-A3C9-4A6E-A951-32512E827BC8}.Debug|Any CPU.Build.0 = Debug|Any CPU
		{4193C0BD-A3C9-4A6E-A951-32512E827BC8}.Release|Any CPU.ActiveCfg = Release|Any CPU
		{4193C0BD-A3C9-4A6E-A951-32512E827BC8}.Release|Any CPU.Build.0 = Release|Any CPU
		{8110E51E-56F1-43B3-84E7-4D088059E56E}.Debug|Any CPU.ActiveCfg = Debug|Any CPU
		{8110E51E-56F1-43B3-84E7-4D088059E56E}.Debug|Any CPU.Build.0 = Debug|Any CPU
		{8110E51E-56F1-43B3-84E7-4D088059E56E}.Release|Any CPU.ActiveCfg = Release|Any CPU
		{8110E51E-56F1-43B3-84E7-4D088059E56E}.Release|Any CPU.Build.0 = Release|Any CPU
		{4B8D820D-3703-435F-93D0-0D2C34DC66BC}.Debug|Any CPU.ActiveCfg = Debug|Any CPU
		{4B8D820D-3703-435F-93D0-0D2C34DC66BC}.Debug|Any CPU.Build.0 = Debug|Any CPU
		{4B8D820D-3703-435F-93D0-0D2C34DC66BC}.Release|Any CPU.ActiveCfg = Release|Any CPU
		{4B8D820D-3703-435F-93D0-0D2C34DC66BC}.Release|Any CPU.Build.0 = Release|Any CPU
	EndGlobalSection
	GlobalSection(SolutionProperties) = preSolution
		HideSolutionNode = FALSE
	EndGlobalSection
	GlobalSection(ExtensibilityGlobals) = postSolution
		SolutionGuid = {5F06A663-350A-4781-987E-65F4B6534457}
	EndGlobalSection
EndGlobal
